
Microsoft Visual Studio Solution File, Format Version 12.00
# Visual Studio 15
VisualStudioVersion = 15.0.27130.2036
MinimumVisualStudioVersion = 10.0.40219.1
Project("{FAE04EC0-301F-11D3-BF4B-00C04F79EFBC}") = "Berwyn Coding Challenge", "Berwyn Coding Challenge\Berwyn Coding Challenge.csproj", "{32BDD88B-ECCD-4635-9211-B9FC9E1ECD0E}"
EndProject
Global
	GlobalSection(SolutionConfigurationPlatforms) = preSolution
		Debug|Any CPU = Debug|Any CPU
		Release|Any CPU = Release|Any CPU
	EndGlobalSection
	GlobalSection(ProjectConfigurationPlatforms) = postSolution
		{32BDD88B-ECCD-4635-9211-B9FC9E1ECD0E}.Debug|Any CPU.ActiveCfg = Debug|Any CPU
		{32BDD88B-ECCD-4635-9211-B9FC9E1ECD0E}.Debug|Any CPU.Build.0 = Debug|Any CPU
		{32BDD88B-ECCD-4635-9211-B9FC9E1ECD0E}.Release|Any CPU.ActiveCfg = Release|Any CPU
		{32BDD88B-ECCD-4635-9211-B9FC9E1ECD0E}.Release|Any CPU.Build.0 = Release|Any CPU
	EndGlobalSection
	GlobalSection(SolutionProperties) = preSolution
		HideSolutionNode = FALSE
	EndGlobalSection
	GlobalSection(ExtensibilityGlobals) = postSolution
		SolutionGuid = {C7C2DA29-ECC0-4D17-B6FF-065A43B6CF99}
	EndGlobalSection
EndGlobal
